{
  "name": "Advent-of-Code-2023",
  "lockfileVersion": 3,
  "requires": true,
  "packages": {
    "": {
      "dependencies": {
        "multi-integer-range": "^5.2.0"
      }
    },
    "node_modules/multi-integer-range": {
      "version": "5.2.0",
      "resolved": "https://registry.npmjs.org/multi-integer-range/-/multi-integer-range-5.2.0.tgz",
      "integrity": "sha512-FFJwl7mUYFizzE6rY86KaiN/aFxHtqWHHdEA4wvYOSCIlmSu6ysNmvU52GOfYQZn8cadi2MgyAppP/8nWHwIlA=="
    }
  }
}
